
Microsoft Visual Studio Solution File, Format Version 12.00
# Visual Studio Version 16
VisualStudioVersion = 16.0.32510.428
MinimumVisualStudioVersion = 10.0.40219.1
Project("{FAE04EC0-301F-11D3-BF4B-00C04F79EFBC}") = "Exercicio_Complementar_Calcular_IMC", "Exercicio_Complementar_Calcular_IMC\Exercicio_Complementar_Calcular_IMC.csproj", "{91137778-9B25-47BD-BE0A-FE02C392A827}"
EndProject
Global
	GlobalSection(SolutionConfigurationPlatforms) = preSolution
		Debug|Any CPU = Debug|Any CPU
		Release|Any CPU = Release|Any CPU
	EndGlobalSection
	GlobalSection(ProjectConfigurationPlatforms) = postSolution
		{91137778-9B25-47BD-BE0A-FE02C392A827}.Debug|Any CPU.ActiveCfg = Debug|Any CPU
		{91137778-9B25-47BD-BE0A-FE02C392A827}.Debug|Any CPU.Build.0 = Debug|Any CPU
		{91137778-9B25-47BD-BE0A-FE02C392A827}.Release|Any CPU.ActiveCfg = Release|Any CPU
		{91137778-9B25-47BD-BE0A-FE02C392A827}.Release|Any CPU.Build.0 = Release|Any CPU
	EndGlobalSection
	GlobalSection(SolutionProperties) = preSolution
		HideSolutionNode = FALSE
	EndGlobalSection
	GlobalSection(ExtensibilityGlobals) = postSolution
		SolutionGuid = {E96062FA-A78D-47BF-BF0F-AA8AC1914D68}
	EndGlobalSection
EndGlobal
